
Microsoft Visual Studio Solution File, Format Version 12.00
# Visual Studio Version 17
VisualStudioVersion = 17.5.002.0
MinimumVisualStudioVersion = 10.0.40219.1
Project("{9A19103F-16F7-4668-BE54-9A1E7A4F7556}") = "server", "server.csproj", "{3F4B8909-A46B-49FE-952D-F7DFADA0D16B}"
EndProject
Project("{FAE04EC0-301F-11D3-BF4B-00C04F79EFBC}") = "UnitTest.Server", "..\..\tests\UnitTest.Server\UnitTest.Server.csproj", "{DC1DC2DA-8353-4BA0-9144-529A223FC0DF}"
EndProject
Global
	GlobalSection(SolutionConfigurationPlatforms) = preSolution
		Debug|Any CPU = Debug|Any CPU
		Release|Any CPU = Release|Any CPU
	EndGlobalSection
	GlobalSection(ProjectConfigurationPlatforms) = postSolution
		{3F4B8909-A46B-49FE-952D-F7DFADA0D16B}.Debug|Any CPU.ActiveCfg = Debug|Any CPU
		{3F4B8909-A46B-49FE-952D-F7DFADA0D16B}.Debug|Any CPU.Build.0 = Debug|Any CPU
		{3F4B8909-A46B-49FE-952D-F7DFADA0D16B}.Release|Any CPU.ActiveCfg = Release|Any CPU
		{3F4B8909-A46B-49FE-952D-F7DFADA0D16B}.Release|Any CPU.Build.0 = Release|Any CPU
		{DC1DC2DA-8353-4BA0-9144-529A223FC0DF}.Debug|Any CPU.ActiveCfg = Debug|Any CPU
		{DC1DC2DA-8353-4BA0-9144-529A223FC0DF}.Debug|Any CPU.Build.0 = Debug|Any CPU
		{DC1DC2DA-8353-4BA0-9144-529A223FC0DF}.Release|Any CPU.ActiveCfg = Release|Any CPU
		{DC1DC2DA-8353-4BA0-9144-529A223FC0DF}.Release|Any CPU.Build.0 = Release|Any CPU
	EndGlobalSection
	GlobalSection(SolutionProperties) = preSolution
		HideSolutionNode = FALSE
	EndGlobalSection
	GlobalSection(ExtensibilityGlobals) = postSolution
		SolutionGuid = {D7D6626B-B336-4665-9611-867449075741}
	EndGlobalSection
EndGlobal
