
Microsoft Visual Studio Solution File, Format Version 12.00
# Visual Studio Version 17
VisualStudioVersion = 17.9.34701.34
MinimumVisualStudioVersion = 10.0.40219.1
Project("{9A19103F-16F7-4668-BE54-9A1E7A4F7556}") = "server", "src\server\server.csproj", "{A6D0E400-0CFE-4914-B559-3B6FC897BC4E}"
EndProject
Project("{FAE04EC0-301F-11D3-BF4B-00C04F79EFBC}") = "client", "src\client\client.csproj", "{86C29D75-AA66-45E2-B1B5-C61D8DD6F1FA}"
EndProject
Global
	GlobalSection(SolutionConfigurationPlatforms) = preSolution
		Debug|Any CPU = Debug|Any CPU
		Release|Any CPU = Release|Any CPU
	EndGlobalSection
	GlobalSection(ProjectConfigurationPlatforms) = postSolution
		{A6D0E400-0CFE-4914-B559-3B6FC897BC4E}.Debug|Any CPU.ActiveCfg = Debug|Any CPU
		{A6D0E400-0CFE-4914-B559-3B6FC897BC4E}.Debug|Any CPU.Build.0 = Debug|Any CPU
		{A6D0E400-0CFE-4914-B559-3B6FC897BC4E}.Release|Any CPU.ActiveCfg = Release|Any CPU
		{A6D0E400-0CFE-4914-B559-3B6FC897BC4E}.Release|Any CPU.Build.0 = Release|Any CPU
		{86C29D75-AA66-45E2-B1B5-C61D8DD6F1FA}.Debug|Any CPU.ActiveCfg = Debug|Any CPU
		{86C29D75-AA66-45E2-B1B5-C61D8DD6F1FA}.Debug|Any CPU.Build.0 = Debug|Any CPU
		{86C29D75-AA66-45E2-B1B5-C61D8DD6F1FA}.Release|Any CPU.ActiveCfg = Release|Any CPU
		{86C29D75-AA66-45E2-B1B5-C61D8DD6F1FA}.Release|Any CPU.Build.0 = Release|Any CPU
	EndGlobalSection
	GlobalSection(SolutionProperties) = preSolution
		HideSolutionNode = FALSE
	EndGlobalSection
	GlobalSection(ExtensibilityGlobals) = postSolution
		SolutionGuid = {ED1C0E6B-ABE2-449A-897E-24B5EEDCE779}
	EndGlobalSection
EndGlobal
